
Microsoft Visual Studio Solution File, Format Version 12.00
# Visual Studio Version 17
VisualStudioVersion = 17.7.34024.191
MinimumVisualStudioVersion = 10.0.40219.1
Project("{2150E333-8FDC-42A3-9474-1A3956D46DE8}") = "Task0", "Task0", "{3010BEA3-9A1E-49C2-BD04-1810BEEC8A09}"
EndProject
Project("{FAE04EC0-301F-11D3-BF4B-00C04F79EFBC}") = "Tyuiu.SvitkovIA.Sprint0.Task0.V0", "Tyuiu.SvitkovIA.Sprint0.Task0.V0\Tyuiu.SvitkovIA.Sprint0.Task0.V0.csproj", "{7A0C9FDD-8A56-43C9-B745-DCAA1FA73580}"
EndProject
Project("{2150E333-8FDC-42A3-9474-1A3956D46DE8}") = "Task1", "Task1", "{A5A4D2B0-64C4-4929-9CBC-69DA1C9EF996}"
EndProject
Project("{FAE04EC0-301F-11D3-BF4B-00C04F79EFBC}") = "Tyuiu.SvitkovIA.Sprint0.Task1.V0", "Tyuiu.SvitkovIA.Sprint0.Task1.V0\Tyuiu.SvitkovIA.Sprint0.Task1.V0.csproj", "{04730155-7B51-4BA1-968B-FF22C0ABCB8D}"
EndProject
Project("{2150E333-8FDC-42A3-9474-1A3956D46DE8}") = "Task2", "Task2", "{31D88FED-D0B0-4A8B-9E87-E7FFB4D4BFD5}"
EndProject
Project("{FAE04EC0-301F-11D3-BF4B-00C04F79EFBC}") = "Tyuiu.SvitkovIA.Sprint0.Task2.V0", "Tyuiu.SvitkovIA.Sprint0.Task2.V0\Tyuiu.SvitkovIA.Sprint0.Task2.V0.csproj", "{B6EB6606-EF20-4037-B7FB-31AF1F5B0024}"
EndProject
Project("{FAE04EC0-301F-11D3-BF4B-00C04F79EFBC}") = "Tyuiu.SvitkovIA.Sprint0.Task2.V0.Lib", "Tyuiu.SvitkovIA.Sprint0.Task2.V0.Lib\Tyuiu.SvitkovIA.Sprint0.Task2.V0.Lib.csproj", "{B9E25849-3855-4FC2-A81F-9755CBE4F6B0}"
EndProject
Project("{FAE04EC0-301F-11D3-BF4B-00C04F79EFBC}") = "Tyuiu.SvitkovIA.Sprint0.Task2.V0.Test", "Tyuiu.SvitkovIA.Sprint0.Task2.V0.Test\Tyuiu.SvitkovIA.Sprint0.Task2.V0.Test.csproj", "{414DAA08-1AD1-45F2-A509-33AD3E46BAC8}"
EndProject
Project("{2150E333-8FDC-42A3-9474-1A3956D46DE8}") = "Task3", "Task3", "{0856D46D-80C5-4F62-9F40-0AD3DADB869F}"
EndProject
Project("{FAE04EC0-301F-11D3-BF4B-00C04F79EFBC}") = "Tyuiu.SvitkovIA.Sprint0.Task3.V0", "Tyuiu.SvitkovIA.Sprint0.Task3.V0\Tyuiu.SvitkovIA.Sprint0.Task3.V0.csproj", "{76B58747-7423-435D-AC23-639A262BBFF9}"
EndProject
Project("{FAE04EC0-301F-11D3-BF4B-00C04F79EFBC}") = "Tyuiu.SvitkovIA.Sprint0.Task3.V0.Lib", "Tyuiu.SvitkovIA.Sprint0.Task3.V0.Lib\Tyuiu.SvitkovIA.Sprint0.Task3.V0.Lib.csproj", "{27897A35-E3E3-4F72-B25E-6A909C785650}"
EndProject
Project("{FAE04EC0-301F-11D3-BF4B-00C04F79EFBC}") = "Tyuiu.SvitkovIA.Sprint0.Task3.V0.Test", "Tyuiu.SvitkovIA.Sprint0.Task3.V0.Test\Tyuiu.SvitkovIA.Sprint0.Task3.V0.Test.csproj", "{B89BD92F-5E5C-4336-8406-E39534B9A918}"
EndProject
Project("{2150E333-8FDC-42A3-9474-1A3956D46DE8}") = "Task4", "Task4", "{BAA3D820-92E2-4820-85DB-DFA8DC2A2C7F}"
EndProject
Project("{FAE04EC0-301F-11D3-BF4B-00C04F79EFBC}") = "Tyuiu.SvitkovIA.Sprint0.Task4.V0", "Tyuiu.SvitkovIA.Sprint0.Task4.V0\Tyuiu.SvitkovIA.Sprint0.Task4.V0.csproj", "{09457213-3AF4-46F7-B608-4B011FCEEAB4}"
EndProject
Project("{FAE04EC0-301F-11D3-BF4B-00C04F79EFBC}") = "Tyuiu.SvitkovIA.Sprint0.Task4.V0.Lib", "Tyuiu.SvitkovIA.Sprint0.Task4.V0.Lib\Tyuiu.SvitkovIA.Sprint0.Task4.V0.Lib.csproj", "{1AC77610-33B5-4044-B755-7813613D86E0}"
EndProject
Project("{FAE04EC0-301F-11D3-BF4B-00C04F79EFBC}") = "Tyuiu.SvitkovIA.Sprint0.Task4.V0.Test", "Tyuiu.SvitkovIA.Sprint0.Task4.V0.Test\Tyuiu.SvitkovIA.Sprint0.Task4.V0.Test.csproj", "{3E6103E3-D5C3-487C-B6F0-7EDEA2B949C7}"
EndProject
Project("{2150E333-8FDC-42A3-9474-1A3956D46DE8}") = "Task5", "Task5", "{E52B09E8-289D-4CF5-98AD-3A49B01BF475}"
EndProject
Project("{FAE04EC0-301F-11D3-BF4B-00C04F79EFBC}") = "Tyuiu.SvitkovIA.Sprint0.Task5.V0", "Tyuiu.SvitkovIA.Sprint0.Task5.V0\Tyuiu.SvitkovIA.Sprint0.Task5.V0.csproj", "{95758E1E-BC61-4364-ADB5-7707DE853A2E}"
EndProject
Project("{FAE04EC0-301F-11D3-BF4B-00C04F79EFBC}") = "Tyuiu.SvitkovIA.Sprint0.Task5.V0.Lib", "Tyuiu.SvitkovIA.Sprint0.Task5.V0.Lib\Tyuiu.SvitkovIA.Sprint0.Task5.V0.Lib.csproj", "{3C699D9B-3346-4DEE-A9B3-0682909B2704}"
EndProject
Project("{FAE04EC0-301F-11D3-BF4B-00C04F79EFBC}") = "Tyuiu.SvitkovIA.Sprint0.Task5.V0.Test", "Tyuiu.SvitkovIA.Sprint0.Task5.V0.Test\Tyuiu.SvitkovIA.Sprint0.Task5.V0.Test.csproj", "{998A3582-5B8E-414A-BD8B-B35FF326C5E6}"
EndProject
Global
	GlobalSection(SolutionConfigurationPlatforms) = preSolution
		Debug|Any CPU = Debug|Any CPU
		Release|Any CPU = Release|Any CPU
	EndGlobalSection
	GlobalSection(ProjectConfigurationPlatforms) = postSolution
		{7A0C9FDD-8A56-43C9-B745-DCAA1FA73580}.Debug|Any CPU.ActiveCfg = Debug|Any CPU
		{7A0C9FDD-8A56-43C9-B745-DCAA1FA73580}.Debug|Any CPU.Build.0 = Debug|Any CPU
		{7A0C9FDD-8A56-43C9-B745-DCAA1FA73580}.Release|Any CPU.ActiveCfg = Release|Any CPU
		{7A0C9FDD-8A56-43C9-B745-DCAA1FA73580}.Release|Any CPU.Build.0 = Release|Any CPU
		{04730155-7B51-4BA1-968B-FF22C0ABCB8D}.Debug|Any CPU.ActiveCfg = Debug|Any CPU
		{04730155-7B51-4BA1-968B-FF22C0ABCB8D}.Debug|Any CPU.Build.0 = Debug|Any CPU
		{04730155-7B51-4BA1-968B-FF22C0ABCB8D}.Release|Any CPU.ActiveCfg = Release|Any CPU
		{04730155-7B51-4BA1-968B-FF22C0ABCB8D}.Release|Any CPU.Build.0 = Release|Any CPU
		{B6EB6606-EF20-4037-B7FB-31AF1F5B0024}.Debug|Any CPU.ActiveCfg = Debug|Any CPU
		{B6EB6606-EF20-4037-B7FB-31AF1F5B0024}.Debug|Any CPU.Build.0 = Debug|Any CPU
		{B6EB6606-EF20-4037-B7FB-31AF1F5B0024}.Release|Any CPU.ActiveCfg = Release|Any CPU
		{B6EB6606-EF20-4037-B7FB-31AF1F5B0024}.Release|Any CPU.Build.0 = Release|Any CPU
		{B9E25849-3855-4FC2-A81F-9755CBE4F6B0}.Debug|Any CPU.ActiveCfg = Debug|Any CPU
		{B9E25849-3855-4FC2-A81F-9755CBE4F6B0}.Debug|Any CPU.Build.0 = Debug|Any CPU
		{B9E25849-3855-4FC2-A81F-9755CBE4F6B0}.Release|Any CPU.ActiveCfg = Release|Any CPU
		{B9E25849-3855-4FC2-A81F-9755CBE4F6B0}.Release|Any CPU.Build.0 = Release|Any CPU
		{414DAA08-1AD1-45F2-A509-33AD3E46BAC8}.Debug|Any CPU.ActiveCfg = Debug|Any CPU
		{414DAA08-1AD1-45F2-A509-33AD3E46BAC8}.Debug|Any CPU.Build.0 = Debug|Any CPU
		{414DAA08-1AD1-45F2-A509-33AD3E46BAC8}.Release|Any CPU.ActiveCfg = Release|Any CPU
		{414DAA08-1AD1-45F2-A509-33AD3E46BAC8}.Release|Any CPU.Build.0 = Release|Any CPU
		{76B58747-7423-435D-AC23-639A262BBFF9}.Debug|Any CPU.ActiveCfg = Debug|Any CPU
		{76B58747-7423-435D-AC23-639A262BBFF9}.Debug|Any CPU.Build.0 = Debug|Any CPU
		{76B58747-7423-435D-AC23-639A262BBFF9}.Release|Any CPU.ActiveCfg = Release|Any CPU
		{76B58747-7423-435D-AC23-639A262BBFF9}.Release|Any CPU.Build.0 = Release|Any CPU
		{27897A35-E3E3-4F72-B25E-6A909C785650}.Debug|Any CPU.ActiveCfg = Debug|Any CPU
		{27897A35-E3E3-4F72-B25E-6A909C785650}.Debug|Any CPU.Build.0 = Debug|Any CPU
		{27897A35-E3E3-4F72-B25E-6A909C785650}.Release|Any CPU.ActiveCfg = Release|Any CPU
		{27897A35-E3E3-4F72-B25E-6A909C785650}.Release|Any CPU.Build.0 = Release|Any CPU
		{B89BD92F-5E5C-4336-8406-E39534B9A918}.Debug|Any CPU.ActiveCfg = Debug|Any CPU
		{B89BD92F-5E5C-4336-8406-E39534B9A918}.Debug|Any CPU.Build.0 = Debug|Any CPU
		{B89BD92F-5E5C-4336-8406-E39534B9A918}.Release|Any CPU.ActiveCfg = Release|Any CPU
		{B89BD92F-5E5C-4336-8406-E39534B9A918}.Release|Any CPU.Build.0 = Release|Any CPU
		{09457213-3AF4-46F7-B608-4B011FCEEAB4}.Debug|Any CPU.ActiveCfg = Debug|Any CPU
		{09457213-3AF4-46F7-B608-4B011FCEEAB4}.Debug|Any CPU.Build.0 = Debug|Any CPU
		{09457213-3AF4-46F7-B608-4B011FCEEAB4}.Release|Any CPU.ActiveCfg = Release|Any CPU
		{09457213-3AF4-46F7-B608-4B011FCEEAB4}.Release|Any CPU.Build.0 = Release|Any CPU
		{1AC77610-33B5-4044-B755-7813613D86E0}.Debug|Any CPU.ActiveCfg = Debug|Any CPU
		{1AC77610-33B5-4044-B755-7813613D86E0}.Debug|Any CPU.Build.0 = Debug|Any CPU
		{1AC77610-33B5-4044-B755-7813613D86E0}.Release|Any CPU.ActiveCfg = Release|Any CPU
		{1AC77610-33B5-4044-B755-7813613D86E0}.Release|Any CPU.Build.0 = Release|Any CPU
		{3E6103E3-D5C3-487C-B6F0-7EDEA2B949C7}.Debug|Any CPU.ActiveCfg = Debug|Any CPU
		{3E6103E3-D5C3-487C-B6F0-7EDEA2B949C7}.Debug|Any CPU.Build.0 = Debug|Any CPU
		{3E6103E3-D5C3-487C-B6F0-7EDEA2B949C7}.Release|Any CPU.ActiveCfg = Release|Any CPU
		{3E6103E3-D5C3-487C-B6F0-7EDEA2B949C7}.Release|Any CPU.Build.0 = Release|Any CPU
		{95758E1E-BC61-4364-ADB5-7707DE853A2E}.Debug|Any CPU.ActiveCfg = Debug|Any CPU
		{95758E1E-BC61-4364-ADB5-7707DE853A2E}.Debug|Any CPU.Build.0 = Debug|Any CPU
		{95758E1E-BC61-4364-ADB5-7707DE853A2E}.Release|Any CPU.ActiveCfg = Release|Any CPU
		{95758E1E-BC61-4364-ADB5-7707DE853A2E}.Release|Any CPU.Build.0 = Release|Any CPU
		{3C699D9B-3346-4DEE-A9B3-0682909B2704}.Debug|Any CPU.ActiveCfg = Debug|Any CPU
		{3C699D9B-3346-4DEE-A9B3-0682909B2704}.Debug|Any CPU.Build.0 = Debug|Any CPU
		{3C699D9B-3346-4DEE-A9B3-0682909B2704}.Release|Any CPU.ActiveCfg = Release|Any CPU
		{3C699D9B-3346-4DEE-A9B3-0682909B2704}.Release|Any CPU.Build.0 = Release|Any CPU
		{998A3582-5B8E-414A-BD8B-B35FF326C5E6}.Debug|Any CPU.ActiveCfg = Debug|Any CPU
		{998A3582-5B8E-414A-BD8B-B35FF326C5E6}.Debug|Any CPU.Build.0 = Debug|Any CPU
		{998A3582-5B8E-414A-BD8B-B35FF326C5E6}.Release|Any CPU.ActiveCfg = Release|Any CPU
		{998A3582-5B8E-414A-BD8B-B35FF326C5E6}.Release|Any CPU.Build.0 = Release|Any CPU
	EndGlobalSection
	GlobalSection(SolutionProperties) = preSolution
		HideSolutionNode = FALSE
	EndGlobalSection
	GlobalSection(NestedProjects) = preSolution
		{7A0C9FDD-8A56-43C9-B745-DCAA1FA73580} = {3010BEA3-9A1E-49C2-BD04-1810BEEC8A09}
		{04730155-7B51-4BA1-968B-FF22C0ABCB8D} = {A5A4D2B0-64C4-4929-9CBC-69DA1C9EF996}
		{B6EB6606-EF20-4037-B7FB-31AF1F5B0024} = {31D88FED-D0B0-4A8B-9E87-E7FFB4D4BFD5}
		{B9E25849-3855-4FC2-A81F-9755CBE4F6B0} = {31D88FED-D0B0-4A8B-9E87-E7FFB4D4BFD5}
		{414DAA08-1AD1-45F2-A509-33AD3E46BAC8} = {31D88FED-D0B0-4A8B-9E87-E7FFB4D4BFD5}
		{76B58747-7423-435D-AC23-639A262BBFF9} = {0856D46D-80C5-4F62-9F40-0AD3DADB869F}
		{27897A35-E3E3-4F72-B25E-6A909C785650} = {0856D46D-80C5-4F62-9F40-0AD3DADB869F}
		{B89BD92F-5E5C-4336-8406-E39534B9A918} = {0856D46D-80C5-4F62-9F40-0AD3DADB869F}
		{09457213-3AF4-46F7-B608-4B011FCEEAB4} = {BAA3D820-92E2-4820-85DB-DFA8DC2A2C7F}
		{1AC77610-33B5-4044-B755-7813613D86E0} = {BAA3D820-92E2-4820-85DB-DFA8DC2A2C7F}
		{3E6103E3-D5C3-487C-B6F0-7EDEA2B949C7} = {BAA3D820-92E2-4820-85DB-DFA8DC2A2C7F}
		{95758E1E-BC61-4364-ADB5-7707DE853A2E} = {E52B09E8-289D-4CF5-98AD-3A49B01BF475}
		{3C699D9B-3346-4DEE-A9B3-0682909B2704} = {E52B09E8-289D-4CF5-98AD-3A49B01BF475}
		{998A3582-5B8E-414A-BD8B-B35FF326C5E6} = {E52B09E8-289D-4CF5-98AD-3A49B01BF475}
	EndGlobalSection
	GlobalSection(ExtensibilityGlobals) = postSolution
		SolutionGuid = {9677B404-AA7C-4885-9FF3-0990A0507E90}
	EndGlobalSection
EndGlobal
